
Microsoft Visual Studio Solution File, Format Version 12.00
# Visual Studio Version 17
VisualStudioVersion = 17.2.32422.2
MinimumVisualStudioVersion = 10.0.40219.1
Project("{FAE04EC0-301F-11D3-BF4B-00C04F79EFBC}") = "Microsoftenator.Wotr.Common", "Microsoftenator.Wotr.Common.csproj", "{0347ACCD-0C48-40DC-8965-F61C7C298C12}"
EndProject
Global
	GlobalSection(SolutionConfigurationPlatforms) = preSolution
		Debug|Any CPU = Debug|Any CPU
		Release|Any CPU = Release|Any CPU
	EndGlobalSection
	GlobalSection(ProjectConfigurationPlatforms) = postSolution
		{0347ACCD-0C48-40DC-8965-F61C7C298C12}.Debug|Any CPU.ActiveCfg = Debug|Any CPU
		{0347ACCD-0C48-40DC-8965-F61C7C298C12}.Debug|Any CPU.Build.0 = Debug|Any CPU
		{0347ACCD-0C48-40DC-8965-F61C7C298C12}.Release|Any CPU.ActiveCfg = Release|Any CPU
		{0347ACCD-0C48-40DC-8965-F61C7C298C12}.Release|Any CPU.Build.0 = Release|Any CPU
	EndGlobalSection
	GlobalSection(SolutionProperties) = preSolution
		HideSolutionNode = FALSE
	EndGlobalSection
	GlobalSection(ExtensibilityGlobals) = postSolution
		SolutionGuid = {FE6676D7-1DE5-4EAC-9654-B63F1FA284F2}
	EndGlobalSection
EndGlobal
